<?xml version="1.0" encoding="utf-8"?>
<Project ToolsVersion="4.0" xmlns="http://schemas.microsoft.com/developer/msbuild/2003">
  <ItemGroup>
    <ClCompile Include="shader.cpp" />
    <ClCompile Include="Camera\camera.cpp" />
    <ClCompile Include="main.cpp" />
    <ClCompile Include="Ball\ball.cpp" />
  </ItemGroup>
  <ItemGroup>
    <ClInclude Include="Camera\camera.h" />
    <ClInclude Include="Ball\ball.h" />
  </ItemGroup>
  <ItemGroup>
    <None Include="Shaders\LightFragmentShader.fragmentshader" />
    <None Include="Shaders\LightVertexShader.vertexshader" />
    <None Include="Shaders\SimpleFragmentShaderJack.fragmentshader" />
    <None Include="Shaders\SimpleFragmentShaderPlane.fragmentshader" />
    <None Include="Shaders\SimpleVertexShaderJack.vertexshader" />
    <None Include="Shaders\SimpleVertexShaderPlane.vertexshader" />
    <None Include="Shaders\SimpleFragmentShaderRed1.fragmentshader" />
    <None Include="Shaders\SimpleVertexShaderRed1.vertexshader" />
    <None Include="Shaders\SimpleFragmentShaderBlue1.fragmentshader" />
    <None Include="Shaders\SimpleVertexShaderBlue1.vertexshader" />
    <None Include="Shaders\SimpleVertexShaderRed2.vertexshader" />
    <None Include="Shaders\SimpleFragmentShaderRed2.fragmentshader" />
    <None Include="Shaders\SimpleFragmentShaderBlue2.fragmentshader" />
    <None Include="Shaders\SimpleVertexShaderBlue2.vertexshader" />
    <None Include="Shaders\SimpleFragmentShaderRed3.fragmentshader" />
    <None Include="Shaders\SimpleVertexShaderRed3.vertexshader" />
    <None Include="Shaders\SimpleFragmentShaderBlue3.fragmentshader" />
    <None Include="Shaders\SimpleVertexShaderBlue3.vertexshader" />
  </ItemGroup>
</Project>